// !$*UTF8*$!
{
	archiveVersion = 1;
	classes = {
	};
	objectVersion = 56;
	objects = {

/* Begin PBXBuildFile section */
		32EAF4EC2BE7D67300433CBE /* PracticeChaoBookApp.swift in Sources */ = {isa = PBXBuildFile; fileRef = 32EAF4EB2BE7D67300433CBE /* PracticeChaoBookApp.swift */; };
		32EAF4EE2BE7D67300433CBE /* ContentView.swift in Sources */ = {isa = PBXBuildFile; fileRef = 32EAF4ED2BE7D67300433CBE /* ContentView.swift */; };
		32EAF4F02BE7D67400433CBE /* Assets.xcassets in Resources */ = {isa = PBXBuildFile; fileRef = 32EAF4EF2BE7D67400433CBE /* Assets.xcassets */; };
		32EAF4F42BE7D67400433CBE /* Preview Assets.xcassets in Resources */ = {isa = PBXBuildFile; fileRef = 32EAF4F32BE7D67400433CBE /* Preview Assets.xcassets */; };
/* End PBXBuildFile section */

/* Begin PBXFileReference section */
		321EB6232BE928A7008CA38B /* Basic_L1.playground */ = {isa = PBXFileReference; lastKnownFileType = file.playground; path = Basic_L1.playground; sourceTree = "<group>"; xcLanguageSpecificationIdentifier = xcode.lang.swift; };
		322989EC2C0B540000F9C5CC /* Basic_L5.playground */ = {isa = PBXFileReference; lastKnownFileType = file.playground; path = Basic_L5.playground; sourceTree = "<group>"; xcLanguageSpecificationIdentifier = xcode.lang.swift; };
		322989EE2C0B5AAC00F9C5CC /* Basic_L6.playground */ = {isa = PBXFileReference; lastKnownFileType = file.playground; path = Basic_L6.playground; sourceTree = "<group>"; xcLanguageSpecificationIdentifier = xcode.lang.swift; };
		327B62682BFBA727007F95E8 /* Basic_L3.playground */ = {isa = PBXFileReference; lastKnownFileType = file.playground; path = Basic_L3.playground; sourceTree = "<group>"; xcLanguageSpecificationIdentifier = xcode.lang.swift; };
		329ECF6D2BEA79E1006343B2 /* Basic_L2.playground */ = {isa = PBXFileReference; lastKnownFileType = file.playground; path = Basic_L2.playground; sourceTree = "<group>"; xcLanguageSpecificationIdentifier = xcode.lang.swift; };
		32C98A972C04B6F7003BB56F /* Basic_L4.playground */ = {isa = PBXFileReference; lastKnownFileType = file.playground; path = Basic_L4.playground; sourceTree = "<group>"; xcLanguageSpecificationIdentifier = xcode.lang.swift; };
		32EAF4E82BE7D67300433CBE /* PracticeChaoBook.app */ = {isa = PBXFileReference; explicitFileType = wrapper.application; includeInIndex = 0; path = PracticeChaoBook.app; sourceTree = BUILT_PRODUCTS_DIR; };
		32EAF4EB2BE7D67300433CBE /* PracticeChaoBookApp.swift */ = {isa = PBXFileReference; lastKnownFileType = sourcecode.swift; path = PracticeChaoBookApp.swift; sourceTree = "<group>"; };
		32EAF4ED2BE7D67300433CBE /* ContentView.swift */ = {isa = PBXFileReference; lastKnownFileType = sourcecode.swift; path = ContentView.swift; sourceTree = "<group>"; };
		32EAF4EF2BE7D67400433CBE /* Assets.xcassets */ = {isa = PBXFileReference; lastKnownFileType = folder.assetcatalog; path = Assets.xcassets; sourceTree = "<group>"; };
		32EAF4F12BE7D67400433CBE /* PracticeChaoBook.entitlements */ = {isa = PBXFileReference; lastKnownFileType = text.plist.entitlements; path = PracticeChaoBook.entitlements; sourceTree = "<group>"; };
		32EAF4F32BE7D67400433CBE /* Preview Assets.xcassets */ = {isa = PBXFileReference; lastKnownFileType = folder.assetcatalog; path = "Preview Assets.xcassets"; sourceTree = "<group>"; };
/* End PBXFileReference section */

/* Begin PBXFrameworksBuildPhase section */
		32EAF4E52BE7D67300433CBE /* Frameworks */ = {
			isa = PBXFrameworksBuildPhase;
			buildActionMask = 2147483647;
			files = (
			);
			runOnlyForDeploymentPostprocessing = 0;
		};
/* End PBXFrameworksBuildPhase section */

/* Begin PBXGroup section */
		320E99B62BEBC23B00104C10 /* Lesson3 */ = {
			isa = PBXGroup;
			children = (
				327B62682BFBA727007F95E8 /* Basic_L3.playground */,
			);
			path = Lesson3;
			sourceTree = "<group>";
		};
		321EB6202BE92586008CA38B /* Basic */ = {
			isa = PBXGroup;
			children = (
				321EB6222BE92634008CA38B /* Lesson1 */,
				329ECF6C2BEA774E006343B2 /* Lesson2 */,
				320E99B62BEBC23B00104C10 /* Lesson3 */,
				32C98A932C04B5B8003BB56F /* Lesson4 */,
				322989EB2C0B53AC00F9C5CC /* Lesson5 */,
				322989ED2C0B59E500F9C5CC /* Lesson6 */,
			);
			path = Basic;
			sourceTree = "<group>";
		};
		321EB6212BE9259D008CA38B /* Advance */ = {
			isa = PBXGroup;
			children = (
			);
			path = Advance;
			sourceTree = "<group>";
		};
		321EB6222BE92634008CA38B /* Lesson1 */ = {
			isa = PBXGroup;
			children = (
				321EB6232BE928A7008CA38B /* Basic_L1.playground */,
			);
			path = Lesson1;
			sourceTree = "<group>";
		};
		322989EB2C0B53AC00F9C5CC /* Lesson5 */ = {
			isa = PBXGroup;
			children = (
				322989EC2C0B540000F9C5CC /* Basic_L5.playground */,
			);
			path = Lesson5;
			sourceTree = "<group>";
		};
		322989ED2C0B59E500F9C5CC /* Lesson6 */ = {
			isa = PBXGroup;
			children = (
				322989EE2C0B5AAC00F9C5CC /* Basic_L6.playground */,
			);
			path = Lesson6;
			sourceTree = "<group>";
		};
		329ECF6C2BEA774E006343B2 /* Lesson2 */ = {
			isa = PBXGroup;
			children = (
				329ECF6D2BEA79E1006343B2 /* Basic_L2.playground */,
			);
			path = Lesson2;
			sourceTree = "<group>";
		};
		32C98A932C04B5B8003BB56F /* Lesson4 */ = {
			isa = PBXGroup;
			children = (
				32C98A972C04B6F7003BB56F /* Basic_L4.playground */,
			);
			path = Lesson4;
			sourceTree = "<group>";
		};
		32EAF4DF2BE7D67300433CBE = {
			isa = PBXGroup;
			children = (
				32EAF4EA2BE7D67300433CBE /* PracticeChaoBook */,
				32EAF4E92BE7D67300433CBE /* Products */,
			);
			sourceTree = "<group>";
		};
		32EAF4E92BE7D67300433CBE /* Products */ = {
			isa = PBXGroup;
			children = (
				32EAF4E82BE7D67300433CBE /* PracticeChaoBook.app */,
			);
			name = Products;
			sourceTree = "<group>";
		};
		32EAF4EA2BE7D67300433CBE /* PracticeChaoBook */ = {
			isa = PBXGroup;
			children = (
				321EB6202BE92586008CA38B /* Basic */,
				321EB6212BE9259D008CA38B /* Advance */,
				32EAF4EB2BE7D67300433CBE /* PracticeChaoBookApp.swift */,
				32EAF4ED2BE7D67300433CBE /* ContentView.swift */,
				32EAF4EF2BE7D67400433CBE /* Assets.xcassets */,
				32EAF4F12BE7D67400433CBE /* PracticeChaoBook.entitlements */,
				32EAF4F22BE7D67400433CBE /* Preview Content */,
			);
			path = PracticeChaoBook;
			sourceTree = "<group>";
		};
		32EAF4F22BE7D67400433CBE /* Preview Content */ = {
			isa = PBXGroup;
			children = (
				32EAF4F32BE7D67400433CBE /* Preview Assets.xcassets */,
			);
			path = "Preview Content";
			sourceTree = "<group>";
		};
/* End PBXGroup section */

/* Begin PBXNativeTarget section */
		32EAF4E72BE7D67300433CBE /* PracticeChaoBook */ = {
			isa = PBXNativeTarget;
			buildConfigurationList = 32EAF4F72BE7D67400433CBE /* Build configuration list for PBXNativeTarget "PracticeChaoBook" */;
			buildPhases = (
				32EAF4E42BE7D67300433CBE /* Sources */,
				32EAF4E52BE7D67300433CBE /* Frameworks */,
				32EAF4E62BE7D67300433CBE /* Resources */,
			);
			buildRules = (
			);
			dependencies = (
			);
			name = PracticeChaoBook;
			productName = PracticeChaoBook;
			productReference = 32EAF4E82BE7D67300433CBE /* PracticeChaoBook.app */;
			productType = "com.apple.product-type.application";
		};
/* End PBXNativeTarget section */

/* Begin PBXProject section */
		32EAF4E02BE7D67300433CBE /* Project object */ = {
			isa = PBXProject;
			attributes = {
				BuildIndependentTargetsInParallel = 1;
				LastSwiftUpdateCheck = 1520;
				LastUpgradeCheck = 1520;
				TargetAttributes = {
					32EAF4E72BE7D67300433CBE = {
						CreatedOnToolsVersion = 15.2;
					};
				};
			};
			buildConfigurationList = 32EAF4E32BE7D67300433CBE /* Build configuration list for PBXProject "PracticeChaoBook" */;
			compatibilityVersion = "Xcode 14.0";
			developmentRegion = en;
			hasScannedForEncodings = 0;
			knownRegions = (
				en,
				Base,
			);
			mainGroup = 32EAF4DF2BE7D67300433CBE;
			productRefGroup = 32EAF4E92BE7D67300433CBE /* Products */;
			projectDirPath = "";
			projectRoot = "";
			targets = (
				32EAF4E72BE7D67300433CBE /* PracticeChaoBook */,
			);
		};
/* End PBXProject section */

/* Begin PBXResourcesBuildPhase section */
		32EAF4E62BE7D67300433CBE /* Resources */ = {
			isa = PBXResourcesBuildPhase;
			buildActionMask = 2147483647;
			files = (
				32EAF4F42BE7D67400433CBE /* Preview Assets.xcassets in Resources */,
				32EAF4F02BE7D67400433CBE /* Assets.xcassets in Resources */,
			);
			runOnlyForDeploymentPostprocessing = 0;
		};
/* End PBXResourcesBuildPhase section */

/* Begin PBXSourcesBuildPhase section */
		32EAF4E42BE7D67300433CBE /* Sources */ = {
			isa = PBXSourcesBuildPhase;
			buildActionMask = 2147483647;
			files = (
				32EAF4EE2BE7D67300433CBE /* ContentView.swift in Sources */,
				32EAF4EC2BE7D67300433CBE /* PracticeChaoBookApp.swift in Sources */,
			);
			runOnlyForDeploymentPostprocessing = 0;
		};
/* End PBXSourcesBuildPhase section */

/* Begin XCBuildConfiguration section */
		32EAF4F52BE7D67400433CBE /* Debug */ = {
			isa = XCBuildConfiguration;
			buildSettings = {
				ALWAYS_SEARCH_USER_PATHS = NO;
				ASSETCATALOG_COMPILER_GENERATE_SWIFT_ASSET_SYMBOL_EXTENSIONS = YES;
				CLANG_ANALYZER_NONNULL = YES;
				CLANG_ANALYZER_NUMBER_OBJECT_CONVERSION = YES_AGGRESSIVE;
				CLANG_CXX_LANGUAGE_STANDARD = "gnu++20";
				CLANG_ENABLE_MODULES = YES;
				CLANG_ENABLE_OBJC_ARC = YES;
				CLANG_ENABLE_OBJC_WEAK = YES;
				CLANG_WARN_BLOCK_CAPTURE_AUTORELEASING = YES;
				CLANG_WARN_BOOL_CONVERSION = YES;
				CLANG_WARN_COMMA = YES;
				CLANG_WARN_CONSTANT_CONVERSION = YES;
				CLANG_WARN_DEPRECATED_OBJC_IMPLEMENTATIONS = YES;
				CLANG_WARN_DIRECT_OBJC_ISA_USAGE = YES_ERROR;
				CLANG_WARN_DOCUMENTATION_COMMENTS = YES;
				CLANG_WARN_EMPTY_BODY = YES;
				CLANG_WARN_ENUM_CONVERSION = YES;
				CLANG_WARN_INFINITE_RECURSION = YES;
				CLANG_WARN_INT_CONVERSION = YES;
				CLANG_WARN_NON_LITERAL_NULL_CONVERSION = YES;
				CLANG_WARN_OBJC_IMPLICIT_RETAIN_SELF = YES;
				CLANG_WARN_OBJC_LITERAL_CONVERSION = YES;
				CLANG_WARN_OBJC_ROOT_CLASS = YES_ERROR;
				CLANG_WARN_QUOTED_INCLUDE_IN_FRAMEWORK_HEADER = YES;
				CLANG_WARN_RANGE_LOOP_ANALYSIS = YES;
				CLANG_WARN_STRICT_PROTOTYPES = YES;
				CLANG_WARN_SUSPICIOUS_MOVE = YES;
				CLANG_WARN_UNGUARDED_AVAILABILITY = YES_AGGRESSIVE;
				CLANG_WARN_UNREACHABLE_CODE = YES;
				CLANG_WARN__DUPLICATE_METHOD_MATCH = YES;
				COPY_PHASE_STRIP = NO;
				DEBUG_INFORMATION_FORMAT = dwarf;
				ENABLE_STRICT_OBJC_MSGSEND = YES;
				ENABLE_TESTABILITY = YES;
				ENABLE_USER_SCRIPT_SANDBOXING = YES;
				GCC_C_LANGUAGE_STANDARD = gnu17;
				GCC_DYNAMIC_NO_PIC = NO;
				GCC_NO_COMMON_BLOCKS = YES;
				GCC_OPTIMIZATION_LEVEL = 0;
				GCC_PREPROCESSOR_DEFINITIONS = (
					"DEBUG=1",
					"$(inherited)",
				);
				GCC_WARN_64_TO_32_BIT_CONVERSION = YES;
				GCC_WARN_ABOUT_RETURN_TYPE = YES_ERROR;
				GCC_WARN_UNDECLARED_SELECTOR = YES;
				GCC_WARN_UNINITIALIZED_AUTOS = YES_AGGRESSIVE;
				GCC_WARN_UNUSED_FUNCTION = YES;
				GCC_WARN_UNUSED_VARIABLE = YES;
				LOCALIZATION_PREFERS_STRING_CATALOGS = YES;
				MTL_ENABLE_DEBUG_INFO = INCLUDE_SOURCE;
				MTL_FAST_MATH = YES;
				ONLY_ACTIVE_ARCH = YES;
				SWIFT_ACTIVE_COMPILATION_CONDITIONS = "DEBUG $(inherited)";
				SWIFT_OPTIMIZATION_LEVEL = "-Onone";
			};
			name = Debug;
		};
		32EAF4F62BE7D67400433CBE /* Release */ = {
			isa = XCBuildConfiguration;
			buildSettings = {
				ALWAYS_SEARCH_USER_PATHS = NO;
				ASSETCATALOG_COMPILER_GENERATE_SWIFT_ASSET_SYMBOL_EXTENSIONS = YES;
				CLANG_ANALYZER_NONNULL = YES;
				CLANG_ANALYZER_NUMBER_OBJECT_CONVERSION = YES_AGGRESSIVE;
				CLANG_CXX_LANGUAGE_STANDARD = "gnu++20";
				CLANG_ENABLE_MODULES = YES;
				CLANG_ENABLE_OBJC_ARC = YES;
				CLANG_ENABLE_OBJC_WEAK = YES;
				CLANG_WARN_BLOCK_CAPTURE_AUTORELEASING = YES;
				CLANG_WARN_BOOL_CONVERSION = YES;
				CLANG_WARN_COMMA = YES;
				CLANG_WARN_CONSTANT_CONVERSION = YES;
				CLANG_WARN_DEPRECATED_OBJC_IMPLEMENTATIONS = YES;
				CLANG_WARN_DIRECT_OBJC_ISA_USAGE = YES_ERROR;
				CLANG_WARN_DOCUMENTATION_COMMENTS = YES;
				CLANG_WARN_EMPTY_BODY = YES;
				CLANG_WARN_ENUM_CONVERSION = YES;
				CLANG_WARN_INFINITE_RECURSION = YES;
				CLANG_WARN_INT_CONVERSION = YES;
				CLANG_WARN_NON_LITERAL_NULL_CONVERSION = YES;
				CLANG_WARN_OBJC_IMPLICIT_RETAIN_SELF = YES;
				CLANG_WARN_OBJC_LITERAL_CONVERSION = YES;
				CLANG_WARN_OBJC_ROOT_CLASS = YES_ERROR;
				CLANG_WARN_QUOTED_INCLUDE_IN_FRAMEWORK_HEADER = YES;
				CLANG_WARN_RANGE_LOOP_ANALYSIS = YES;
				CLANG_WARN_STRICT_PROTOTYPES = YES;
				CLANG_WARN_SUSPICIOUS_MOVE = YES;
				CLANG_WARN_UNGUARDED_AVAILABILITY = YES_AGGRESSIVE;
				CLANG_WARN_UNREACHABLE_CODE = YES;
				CLANG_WARN__DUPLICATE_METHOD_MATCH = YES;
				COPY_PHASE_STRIP = NO;
				DEBUG_INFORMATION_FORMAT = "dwarf-with-dsym";
				ENABLE_NS_ASSERTIONS = NO;
				ENABLE_STRICT_OBJC_MSGSEND = YES;
				ENABLE_USER_SCRIPT_SANDBOXING = YES;
				GCC_C_LANGUAGE_STANDARD = gnu17;
				GCC_NO_COMMON_BLOCKS = YES;
				GCC_WARN_64_TO_32_BIT_CONVERSION = YES;
				GCC_WARN_ABOUT_RETURN_TYPE = YES_ERROR;
				GCC_WARN_UNDECLARED_SELECTOR = YES;
				GCC_WARN_UNINITIALIZED_AUTOS = YES_AGGRESSIVE;
				GCC_WARN_UNUSED_FUNCTION = YES;
				GCC_WARN_UNUSED_VARIABLE = YES;
				LOCALIZATION_PREFERS_STRING_CATALOGS = YES;
				MTL_ENABLE_DEBUG_INFO = NO;
				MTL_FAST_MATH = YES;
				SWIFT_COMPILATION_MODE = wholemodule;
			};
			name = Release;
		};
		32EAF4F82BE7D67400433CBE /* Debug */ = {
			isa = XCBuildConfiguration;
			buildSettings = {
				ASSETCATALOG_COMPILER_APPICON_NAME = AppIcon;
				ASSETCATALOG_COMPILER_GLOBAL_ACCENT_COLOR_NAME = AccentColor;
				CODE_SIGN_ENTITLEMENTS = PracticeChaoBook/PracticeChaoBook.entitlements;
				CODE_SIGN_STYLE = Automatic;
				CURRENT_PROJECT_VERSION = 1;
				DEVELOPMENT_ASSET_PATHS = "\"PracticeChaoBook/Preview Content\"";
				DEVELOPMENT_TEAM = XAQUJAQK24;
				ENABLE_HARDENED_RUNTIME = YES;
				ENABLE_PREVIEWS = YES;
				GENERATE_INFOPLIST_FILE = YES;
				"INFOPLIST_KEY_UIApplicationSceneManifest_Generation[sdk=iphoneos*]" = YES;
				"INFOPLIST_KEY_UIApplicationSceneManifest_Generation[sdk=iphonesimulator*]" = YES;
				"INFOPLIST_KEY_UIApplicationSupportsIndirectInputEvents[sdk=iphoneos*]" = YES;
				"INFOPLIST_KEY_UIApplicationSupportsIndirectInputEvents[sdk=iphonesimulator*]" = YES;
				"INFOPLIST_KEY_UILaunchScreen_Generation[sdk=iphoneos*]" = YES;
				"INFOPLIST_KEY_UILaunchScreen_Generation[sdk=iphonesimulator*]" = YES;
				"INFOPLIST_KEY_UIStatusBarStyle[sdk=iphoneos*]" = UIStatusBarStyleDefault;
				"INFOPLIST_KEY_UIStatusBarStyle[sdk=iphonesimulator*]" = UIStatusBarStyleDefault;
				INFOPLIST_KEY_UISupportedInterfaceOrientations_iPad = "UIInterfaceOrientationPortrait UIInterfaceOrientationPortraitUpsideDown UIInterfaceOrientationLandscapeLeft UIInterfaceOrientationLandscapeRight";
				INFOPLIST_KEY_UISupportedInterfaceOrientations_iPhone = "UIInterfaceOrientationPortrait UIInterfaceOrientationLandscapeLeft UIInterfaceOrientationLandscapeRight";
				IPHONEOS_DEPLOYMENT_TARGET = 17.2;
				LD_RUNPATH_SEARCH_PATHS = "@executable_path/Frameworks";
				"LD_RUNPATH_SEARCH_PATHS[sdk=macosx*]" = "@executable_path/../Frameworks";
				MACOSX_DEPLOYMENT_TARGET = 14.2;
				MARKETING_VERSION = 1.0;
				PRODUCT_BUNDLE_IDENTIFIER = tw.bruce.chen.PracticeChaoBook;
				PRODUCT_NAME = "$(TARGET_NAME)";
				SDKROOT = auto;
				SUPPORTED_PLATFORMS = "iphoneos iphonesimulator macosx";
				SWIFT_EMIT_LOC_STRINGS = YES;
				SWIFT_VERSION = 5.0;
				TARGETED_DEVICE_FAMILY = "1,2";
			};
			name = Debug;
		};
		32EAF4F92BE7D67400433CBE /* Release */ = {
			isa = XCBuildConfiguration;
			buildSettings = {
				ASSETCATALOG_COMPILER_APPICON_NAME = AppIcon;
				ASSETCATALOG_COMPILER_GLOBAL_ACCENT_COLOR_NAME = AccentColor;
				CODE_SIGN_ENTITLEMENTS = PracticeChaoBook/PracticeChaoBook.entitlements;
				CODE_SIGN_STYLE = Automatic;
				CURRENT_PROJECT_VERSION = 1;
				DEVELOPMENT_ASSET_PATHS = "\"PracticeChaoBook/Preview Content\"";
				DEVELOPMENT_TEAM = XAQUJAQK24;
				ENABLE_HARDENED_RUNTIME = YES;
				ENABLE_PREVIEWS = YES;
				GENERATE_INFOPLIST_FILE = YES;
				"INFOPLIST_KEY_UIApplicationSceneManifest_Generation[sdk=iphoneos*]" = YES;
				"INFOPLIST_KEY_UIApplicationSceneManifest_Generation[sdk=iphonesimulator*]" = YES;
				"INFOPLIST_KEY_UIApplicationSupportsIndirectInputEvents[sdk=iphoneos*]" = YES;
				"INFOPLIST_KEY_UIApplicationSupportsIndirectInputEvents[sdk=iphonesimulator*]" = YES;
				"INFOPLIST_KEY_UILaunchScreen_Generation[sdk=iphoneos*]" = YES;
				"INFOPLIST_KEY_UILaunchScreen_Generation[sdk=iphonesimulator*]" = YES;
				"INFOPLIST_KEY_UIStatusBarStyle[sdk=iphoneos*]" = UIStatusBarStyleDefault;
				"INFOPLIST_KEY_UIStatusBarStyle[sdk=iphonesimulator*]" = UIStatusBarStyleDefault;
				INFOPLIST_KEY_UISupportedInterfaceOrientations_iPad = "UIInterfaceOrientationPortrait UIInterfaceOrientationPortraitUpsideDown UIInterfaceOrientationLandscapeLeft UIInterfaceOrientationLandscapeRight";
				INFOPLIST_KEY_UISupportedInterfaceOrientations_iPhone = "UIInterfaceOrientationPortrait UIInterfaceOrientationLandscapeLeft UIInterfaceOrientationLandscapeRight";
				IPHONEOS_DEPLOYMENT_TARGET = 17.2;
				LD_RUNPATH_SEARCH_PATHS = "@executable_path/Frameworks";
				"LD_RUNPATH_SEARCH_PATHS[sdk=macosx*]" = "@executable_path/../Frameworks";
				MACOSX_DEPLOYMENT_TARGET = 14.2;
				MARKETING_VERSION = 1.0;
				PRODUCT_BUNDLE_IDENTIFIER = tw.bruce.chen.PracticeChaoBook;
				PRODUCT_NAME = "$(TARGET_NAME)";
				SDKROOT = auto;
				SUPPORTED_PLATFORMS = "iphoneos iphonesimulator macosx";
				SWIFT_EMIT_LOC_STRINGS = YES;
				SWIFT_VERSION = 5.0;
				TARGETED_DEVICE_FAMILY = "1,2";
			};
			name = Release;
		};
/* End XCBuildConfiguration section */

/* Begin XCConfigurationList section */
		32EAF4E32BE7D67300433CBE /* Build configuration list for PBXProject "PracticeChaoBook" */ = {
			isa = XCConfigurationList;
			buildConfigurations = (
				32EAF4F52BE7D67400433CBE /* Debug */,
				32EAF4F62BE7D67400433CBE /* Release */,
			);
			defaultConfigurationIsVisible = 0;
			defaultConfigurationName = Release;
		};
		32EAF4F72BE7D67400433CBE /* Build configuration list for PBXNativeTarget "PracticeChaoBook" */ = {
			isa = XCConfigurationList;
			buildConfigurations = (
				32EAF4F82BE7D67400433CBE /* Debug */,
				32EAF4F92BE7D67400433CBE /* Release */,
			);
			defaultConfigurationIsVisible = 0;
			defaultConfigurationName = Release;
		};
/* End XCConfigurationList section */
	};
	rootObject = 32EAF4E02BE7D67300433CBE /* Project object */;
}
